
Microsoft Visual Studio Solution File, Format Version 11.00
# Visual Studio 2010
Project("{FAE04EC0-301F-11D3-BF4B-00C04F79EFBC}") = "Assembly-CSharp-firstpass", "Assembly-CSharp-firstpass.csproj", "{B8DB7329-33F6-30CC-7E8F-3342EFC4DC31}"
EndProject
Project("{FAE04EC0-301F-11D3-BF4B-00C04F79EFBC}") = "Assembly-CSharp", "Assembly-CSharp.csproj", "{F8D6AA60-79CA-2E85-95A8-719E49B22F5B}"
EndProject
Project("{FAE04EC0-301F-11D3-BF4B-00C04F79EFBC}") = "Assembly-CSharp-Editor-firstpass", "Assembly-CSharp-Editor-firstpass.csproj", "{8BA7A59C-DB98-0333-A780-49A9EE6C0FF0}"
EndProject
Global
	GlobalSection(SolutionConfigurationPlatforms) = preSolution
		Debug|Any CPU = Debug|Any CPU
		Release|Any CPU = Release|Any CPU
	EndGlobalSection
	GlobalSection(ProjectConfigurationPlatforms) = postSolution
		{B8DB7329-33F6-30CC-7E8F-3342EFC4DC31}.Debug|Any CPU.ActiveCfg = Debug|Any CPU
		{B8DB7329-33F6-30CC-7E8F-3342EFC4DC31}.Debug|Any CPU.Build.0 = Debug|Any CPU
		{B8DB7329-33F6-30CC-7E8F-3342EFC4DC31}.Release|Any CPU.ActiveCfg = Release|Any CPU
		{B8DB7329-33F6-30CC-7E8F-3342EFC4DC31}.Release|Any CPU.Build.0 = Release|Any CPU
		{F8D6AA60-79CA-2E85-95A8-719E49B22F5B}.Debug|Any CPU.ActiveCfg = Debug|Any CPU
		{F8D6AA60-79CA-2E85-95A8-719E49B22F5B}.Debug|Any CPU.Build.0 = Debug|Any CPU
		{F8D6AA60-79CA-2E85-95A8-719E49B22F5B}.Release|Any CPU.ActiveCfg = Release|Any CPU
		{F8D6AA60-79CA-2E85-95A8-719E49B22F5B}.Release|Any CPU.Build.0 = Release|Any CPU
		{8BA7A59C-DB98-0333-A780-49A9EE6C0FF0}.Debug|Any CPU.ActiveCfg = Debug|Any CPU
		{8BA7A59C-DB98-0333-A780-49A9EE6C0FF0}.Debug|Any CPU.Build.0 = Debug|Any CPU
		{8BA7A59C-DB98-0333-A780-49A9EE6C0FF0}.Release|Any CPU.ActiveCfg = Release|Any CPU
		{8BA7A59C-DB98-0333-A780-49A9EE6C0FF0}.Release|Any CPU.Build.0 = Release|Any CPU
	EndGlobalSection
	GlobalSection(SolutionProperties) = preSolution
		HideSolutionNode = FALSE
	EndGlobalSection
	GlobalSection(MonoDevelopProperties) = preSolution
		StartupItem = Assembly-CSharp.csproj
	EndGlobalSection
EndGlobal
